
Microsoft Visual Studio Solution File, Format Version 12.00
# Visual Studio 15
VisualStudioVersion = 15.0.28010.2003
MinimumVisualStudioVersion = 10.0.40219.1
Project("{8BC9CEB8-8B4A-11D0-8D11-00A0C91BC942}") = "OO with Polymorphism", "OO with Polymorphism\OO with Polymorphism.vcxproj", "{F781FBFA-DAB9-4887-9DC9-C2413538081A}"
EndProject
Global
	GlobalSection(SolutionConfigurationPlatforms) = preSolution
		Debug|x64 = Debug|x64
		Debug|x86 = Debug|x86
		Release|x64 = Release|x64
		Release|x86 = Release|x86
	EndGlobalSection
	GlobalSection(ProjectConfigurationPlatforms) = postSolution
		{F781FBFA-DAB9-4887-9DC9-C2413538081A}.Debug|x64.ActiveCfg = Debug|x64
		{F781FBFA-DAB9-4887-9DC9-C2413538081A}.Debug|x64.Build.0 = Debug|x64
		{F781FBFA-DAB9-4887-9DC9-C2413538081A}.Debug|x86.ActiveCfg = Debug|Win32
		{F781FBFA-DAB9-4887-9DC9-C2413538081A}.Debug|x86.Build.0 = Debug|Win32
		{F781FBFA-DAB9-4887-9DC9-C2413538081A}.Release|x64.ActiveCfg = Release|x64
		{F781FBFA-DAB9-4887-9DC9-C2413538081A}.Release|x64.Build.0 = Release|x64
		{F781FBFA-DAB9-4887-9DC9-C2413538081A}.Release|x86.ActiveCfg = Release|Win32
		{F781FBFA-DAB9-4887-9DC9-C2413538081A}.Release|x86.Build.0 = Release|Win32
	EndGlobalSection
	GlobalSection(SolutionProperties) = preSolution
		HideSolutionNode = FALSE
	EndGlobalSection
	GlobalSection(ExtensibilityGlobals) = postSolution
		SolutionGuid = {F4A7C594-48DC-4483-BEC9-4653988D0DFB}
	EndGlobalSection
EndGlobal
